
Microsoft Visual Studio Solution File, Format Version 12.00
# Visual Studio 15
VisualStudioVersion = 15.0.26403.0
MinimumVisualStudioVersion = 10.0.40219.1
Project("{151D2E53-A2C4-4D7D-83FE-D05416EBD58E}") = "Real-life-infra-as-code", "Real-life-infra-as-code\Real-life-infra-as-code.deployproj", "{0EE8DBCB-5315-4367-97BD-FD86846EEE8B}"
EndProject
Global
	GlobalSection(SolutionConfigurationPlatforms) = preSolution
		Debug|Any CPU = Debug|Any CPU
		Release|Any CPU = Release|Any CPU
	EndGlobalSection
	GlobalSection(ProjectConfigurationPlatforms) = postSolution
		{0EE8DBCB-5315-4367-97BD-FD86846EEE8B}.Debug|Any CPU.ActiveCfg = Debug|Any CPU
		{0EE8DBCB-5315-4367-97BD-FD86846EEE8B}.Debug|Any CPU.Build.0 = Debug|Any CPU
		{0EE8DBCB-5315-4367-97BD-FD86846EEE8B}.Release|Any CPU.ActiveCfg = Release|Any CPU
		{0EE8DBCB-5315-4367-97BD-FD86846EEE8B}.Release|Any CPU.Build.0 = Release|Any CPU
	EndGlobalSection
	GlobalSection(SolutionProperties) = preSolution
		HideSolutionNode = FALSE
	EndGlobalSection
EndGlobal
